
Microsoft Visual Studio Solution File, Format Version 12.00
# Visual Studio Version 17
VisualStudioVersion = 17.12.35521.163
MinimumVisualStudioVersion = 10.0.40219.1
Project("{F184B08F-C81C-45F6-A57F-5ABD9991F28F}") = "msconvertGUI", "msconvertGUI\msconvertGUI.vbproj", "{200B9C72-A64E-4503-AF51-40788440FFE6}"
EndProject
Project("{2150E333-8FDC-42A3-9474-1A3956D46DE8}") = "framework", "framework", "{8398A4F4-0F28-49E1-B4B4-DD9585A8DB1C}"
EndProject
Project("{2150E333-8FDC-42A3-9474-1A3956D46DE8}") = "mzkit", "mzkit", "{6D12AA65-3CAE-4A55-962D-1EAC7B14C837}"
EndProject
Project("{F184B08F-C81C-45F6-A57F-5ABD9991F28F}") = "Core", "..\..\..\GCModeller\src\runtime\sciBASIC#\Microsoft.VisualBasic.Core\src\Core.vbproj", "{05CDEDC2-E4AD-4FB6-992B-EEB0931E8AA1}"
EndProject
Project("{F184B08F-C81C-45F6-A57F-5ABD9991F28F}") = "msconvert", "msconvert\msconvert.vbproj", "{98CBB17D-3873-4193-8669-70785A1DDFFB}"
EndProject
Project("{2150E333-8FDC-42A3-9474-1A3956D46DE8}") = "desktop", "desktop", "{FC108EAC-7171-4E09-88F3-A6ADFECA301C}"
EndProject
Project("{F184B08F-C81C-45F6-A57F-5ABD9991F28F}") = "BasicMDIForm", "ux\BasicMDIForm\BasicMDIForm.vbproj", "{51C55C5C-2F21-4E9F-AA8D-3664135758B7}"
EndProject
Project("{F184B08F-C81C-45F6-A57F-5ABD9991F28F}") = "dataframework-netcore5", "..\..\..\GCModeller\src\runtime\sciBASIC#\Data\DataFrame\dataframework-netcore5.vbproj", "{1C3CC018-F891-4411-B98A-EB21BB96DAA8}"
EndProject
Project("{F184B08F-C81C-45F6-A57F-5ABD9991F28F}") = "binarydata-netcore5", "..\..\..\GCModeller\src\runtime\sciBASIC#\Data\BinaryData\BinaryData\binarydata-netcore5.vbproj", "{754D9713-4ACE-4FF4-9769-29461A11B760}"
EndProject
Project("{2150E333-8FDC-42A3-9474-1A3956D46DE8}") = "data", "data", "{C7A3C8E0-1118-4154-B48C-64464D8C8570}"
EndProject
Project("{F184B08F-C81C-45F6-A57F-5ABD9991F28F}") = "mzmath-netcore5", "..\mzmath\ms2_math-core\mzmath-netcore5.vbproj", "{2646785E-31BF-4A7E-8465-B46BFE56BF3D}"
EndProject
Project("{2150E333-8FDC-42A3-9474-1A3956D46DE8}") = "math", "math", "{CE105084-18B7-4389-93A3-7F0A29D0CB29}"
EndProject
Project("{F184B08F-C81C-45F6-A57F-5ABD9991F28F}") = "Math.NET5", "..\..\..\GCModeller\src\runtime\sciBASIC#\Data_science\Mathematica\Math\Math\Math.NET5.vbproj", "{AA028059-2DB7-4031-BD70-D8A152C4C51E}"
EndProject
Global
	GlobalSection(SolutionConfigurationPlatforms) = preSolution
		Debug|Any CPU = Debug|Any CPU
		Debug|x64 = Debug|x64
		mzkit_win32|Any CPU = mzkit_win32|Any CPU
		mzkit_win32|x64 = mzkit_win32|x64
		Release|Any CPU = Release|Any CPU
		Release|x64 = Release|x64
	EndGlobalSection
	GlobalSection(ProjectConfigurationPlatforms) = postSolution
		{200B9C72-A64E-4503-AF51-40788440FFE6}.Debug|Any CPU.ActiveCfg = Debug|Any CPU
		{200B9C72-A64E-4503-AF51-40788440FFE6}.Debug|Any CPU.Build.0 = Debug|Any CPU
		{200B9C72-A64E-4503-AF51-40788440FFE6}.Debug|x64.ActiveCfg = Debug|x64
		{200B9C72-A64E-4503-AF51-40788440FFE6}.Debug|x64.Build.0 = Debug|x64
		{200B9C72-A64E-4503-AF51-40788440FFE6}.mzkit_win32|Any CPU.ActiveCfg = mzkit_win32|Any CPU
		{200B9C72-A64E-4503-AF51-40788440FFE6}.mzkit_win32|Any CPU.Build.0 = mzkit_win32|Any CPU
		{200B9C72-A64E-4503-AF51-40788440FFE6}.mzkit_win32|x64.ActiveCfg = mzkit_win32|x64
		{200B9C72-A64E-4503-AF51-40788440FFE6}.mzkit_win32|x64.Build.0 = mzkit_win32|x64
		{200B9C72-A64E-4503-AF51-40788440FFE6}.Release|Any CPU.ActiveCfg = Release|Any CPU
		{200B9C72-A64E-4503-AF51-40788440FFE6}.Release|Any CPU.Build.0 = Release|Any CPU
		{200B9C72-A64E-4503-AF51-40788440FFE6}.Release|x64.ActiveCfg = Release|x64
		{200B9C72-A64E-4503-AF51-40788440FFE6}.Release|x64.Build.0 = Release|x64
		{05CDEDC2-E4AD-4FB6-992B-EEB0931E8AA1}.Debug|Any CPU.ActiveCfg = Debug|Any CPU
		{05CDEDC2-E4AD-4FB6-992B-EEB0931E8AA1}.Debug|Any CPU.Build.0 = Debug|Any CPU
		{05CDEDC2-E4AD-4FB6-992B-EEB0931E8AA1}.Debug|x64.ActiveCfg = Debug|x64
		{05CDEDC2-E4AD-4FB6-992B-EEB0931E8AA1}.Debug|x64.Build.0 = Debug|x64
		{05CDEDC2-E4AD-4FB6-992B-EEB0931E8AA1}.mzkit_win32|Any CPU.ActiveCfg = mzkit_win32|Any CPU
		{05CDEDC2-E4AD-4FB6-992B-EEB0931E8AA1}.mzkit_win32|Any CPU.Build.0 = mzkit_win32|Any CPU
		{05CDEDC2-E4AD-4FB6-992B-EEB0931E8AA1}.mzkit_win32|x64.ActiveCfg = mzkit_win32|x64
		{05CDEDC2-E4AD-4FB6-992B-EEB0931E8AA1}.mzkit_win32|x64.Build.0 = mzkit_win32|x64
		{05CDEDC2-E4AD-4FB6-992B-EEB0931E8AA1}.Release|Any CPU.ActiveCfg = Release|Any CPU
		{05CDEDC2-E4AD-4FB6-992B-EEB0931E8AA1}.Release|Any CPU.Build.0 = Release|Any CPU
		{05CDEDC2-E4AD-4FB6-992B-EEB0931E8AA1}.Release|x64.ActiveCfg = Release|x64
		{05CDEDC2-E4AD-4FB6-992B-EEB0931E8AA1}.Release|x64.Build.0 = Release|x64
		{98CBB17D-3873-4193-8669-70785A1DDFFB}.Debug|Any CPU.ActiveCfg = Debug|Any CPU
		{98CBB17D-3873-4193-8669-70785A1DDFFB}.Debug|Any CPU.Build.0 = Debug|Any CPU
		{98CBB17D-3873-4193-8669-70785A1DDFFB}.Debug|x64.ActiveCfg = Debug|x64
		{98CBB17D-3873-4193-8669-70785A1DDFFB}.Debug|x64.Build.0 = Debug|x64
		{98CBB17D-3873-4193-8669-70785A1DDFFB}.mzkit_win32|Any CPU.ActiveCfg = mzkit_win32|Any CPU
		{98CBB17D-3873-4193-8669-70785A1DDFFB}.mzkit_win32|Any CPU.Build.0 = mzkit_win32|Any CPU
		{98CBB17D-3873-4193-8669-70785A1DDFFB}.mzkit_win32|x64.ActiveCfg = mzkit_win32|x64
		{98CBB17D-3873-4193-8669-70785A1DDFFB}.mzkit_win32|x64.Build.0 = mzkit_win32|x64
		{98CBB17D-3873-4193-8669-70785A1DDFFB}.Release|Any CPU.ActiveCfg = Release|Any CPU
		{98CBB17D-3873-4193-8669-70785A1DDFFB}.Release|Any CPU.Build.0 = Release|Any CPU
		{98CBB17D-3873-4193-8669-70785A1DDFFB}.Release|x64.ActiveCfg = Release|x64
		{98CBB17D-3873-4193-8669-70785A1DDFFB}.Release|x64.Build.0 = Release|x64
		{51C55C5C-2F21-4E9F-AA8D-3664135758B7}.Debug|Any CPU.ActiveCfg = Debug|Any CPU
		{51C55C5C-2F21-4E9F-AA8D-3664135758B7}.Debug|Any CPU.Build.0 = Debug|Any CPU
		{51C55C5C-2F21-4E9F-AA8D-3664135758B7}.Debug|x64.ActiveCfg = Debug|x64
		{51C55C5C-2F21-4E9F-AA8D-3664135758B7}.Debug|x64.Build.0 = Debug|x64
		{51C55C5C-2F21-4E9F-AA8D-3664135758B7}.mzkit_win32|Any CPU.ActiveCfg = mzkit_win32|Any CPU
		{51C55C5C-2F21-4E9F-AA8D-3664135758B7}.mzkit_win32|Any CPU.Build.0 = mzkit_win32|Any CPU
		{51C55C5C-2F21-4E9F-AA8D-3664135758B7}.mzkit_win32|x64.ActiveCfg = mzkit_win32|x64
		{51C55C5C-2F21-4E9F-AA8D-3664135758B7}.mzkit_win32|x64.Build.0 = mzkit_win32|x64
		{51C55C5C-2F21-4E9F-AA8D-3664135758B7}.Release|Any CPU.ActiveCfg = Release|Any CPU
		{51C55C5C-2F21-4E9F-AA8D-3664135758B7}.Release|Any CPU.Build.0 = Release|Any CPU
		{51C55C5C-2F21-4E9F-AA8D-3664135758B7}.Release|x64.ActiveCfg = Release|x64
		{51C55C5C-2F21-4E9F-AA8D-3664135758B7}.Release|x64.Build.0 = Release|x64
		{1C3CC018-F891-4411-B98A-EB21BB96DAA8}.Debug|Any CPU.ActiveCfg = Debug|Any CPU
		{1C3CC018-F891-4411-B98A-EB21BB96DAA8}.Debug|Any CPU.Build.0 = Debug|Any CPU
		{1C3CC018-F891-4411-B98A-EB21BB96DAA8}.Debug|x64.ActiveCfg = Debug|x64
		{1C3CC018-F891-4411-B98A-EB21BB96DAA8}.Debug|x64.Build.0 = Debug|x64
		{1C3CC018-F891-4411-B98A-EB21BB96DAA8}.mzkit_win32|Any CPU.ActiveCfg = mzkit_win32|Any CPU
		{1C3CC018-F891-4411-B98A-EB21BB96DAA8}.mzkit_win32|Any CPU.Build.0 = mzkit_win32|Any CPU
		{1C3CC018-F891-4411-B98A-EB21BB96DAA8}.mzkit_win32|x64.ActiveCfg = mzkit_win32|x64
		{1C3CC018-F891-4411-B98A-EB21BB96DAA8}.mzkit_win32|x64.Build.0 = mzkit_win32|x64
		{1C3CC018-F891-4411-B98A-EB21BB96DAA8}.Release|Any CPU.ActiveCfg = Release|Any CPU
		{1C3CC018-F891-4411-B98A-EB21BB96DAA8}.Release|Any CPU.Build.0 = Release|Any CPU
		{1C3CC018-F891-4411-B98A-EB21BB96DAA8}.Release|x64.ActiveCfg = Release|x64
		{1C3CC018-F891-4411-B98A-EB21BB96DAA8}.Release|x64.Build.0 = Release|x64
		{754D9713-4ACE-4FF4-9769-29461A11B760}.Debug|Any CPU.ActiveCfg = Debug|Any CPU
		{754D9713-4ACE-4FF4-9769-29461A11B760}.Debug|Any CPU.Build.0 = Debug|Any CPU
		{754D9713-4ACE-4FF4-9769-29461A11B760}.Debug|x64.ActiveCfg = Debug|x64
		{754D9713-4ACE-4FF4-9769-29461A11B760}.Debug|x64.Build.0 = Debug|x64
		{754D9713-4ACE-4FF4-9769-29461A11B760}.mzkit_win32|Any CPU.ActiveCfg = mzkit_win32|Any CPU
		{754D9713-4ACE-4FF4-9769-29461A11B760}.mzkit_win32|Any CPU.Build.0 = mzkit_win32|Any CPU
		{754D9713-4ACE-4FF4-9769-29461A11B760}.mzkit_win32|x64.ActiveCfg = mzkit_win32|x64
		{754D9713-4ACE-4FF4-9769-29461A11B760}.mzkit_win32|x64.Build.0 = mzkit_win32|x64
		{754D9713-4ACE-4FF4-9769-29461A11B760}.Release|Any CPU.ActiveCfg = Release|Any CPU
		{754D9713-4ACE-4FF4-9769-29461A11B760}.Release|Any CPU.Build.0 = Release|Any CPU
		{754D9713-4ACE-4FF4-9769-29461A11B760}.Release|x64.ActiveCfg = Release|x64
		{754D9713-4ACE-4FF4-9769-29461A11B760}.Release|x64.Build.0 = Release|x64
		{2646785E-31BF-4A7E-8465-B46BFE56BF3D}.Debug|Any CPU.ActiveCfg = Debug|Any CPU
		{2646785E-31BF-4A7E-8465-B46BFE56BF3D}.Debug|Any CPU.Build.0 = Debug|Any CPU
		{2646785E-31BF-4A7E-8465-B46BFE56BF3D}.Debug|x64.ActiveCfg = Debug|x64
		{2646785E-31BF-4A7E-8465-B46BFE56BF3D}.Debug|x64.Build.0 = Debug|x64
		{2646785E-31BF-4A7E-8465-B46BFE56BF3D}.mzkit_win32|Any CPU.ActiveCfg = mzkit|Any CPU
		{2646785E-31BF-4A7E-8465-B46BFE56BF3D}.mzkit_win32|Any CPU.Build.0 = mzkit|Any CPU
		{2646785E-31BF-4A7E-8465-B46BFE56BF3D}.mzkit_win32|x64.ActiveCfg = mzkit|x64
		{2646785E-31BF-4A7E-8465-B46BFE56BF3D}.mzkit_win32|x64.Build.0 = mzkit|x64
		{2646785E-31BF-4A7E-8465-B46BFE56BF3D}.Release|Any CPU.ActiveCfg = Release|Any CPU
		{2646785E-31BF-4A7E-8465-B46BFE56BF3D}.Release|Any CPU.Build.0 = Release|Any CPU
		{2646785E-31BF-4A7E-8465-B46BFE56BF3D}.Release|x64.ActiveCfg = Release|x64
		{2646785E-31BF-4A7E-8465-B46BFE56BF3D}.Release|x64.Build.0 = Release|x64
		{AA028059-2DB7-4031-BD70-D8A152C4C51E}.Debug|Any CPU.ActiveCfg = Debug|Any CPU
		{AA028059-2DB7-4031-BD70-D8A152C4C51E}.Debug|Any CPU.Build.0 = Debug|Any CPU
		{AA028059-2DB7-4031-BD70-D8A152C4C51E}.Debug|x64.ActiveCfg = Debug|x64
		{AA028059-2DB7-4031-BD70-D8A152C4C51E}.Debug|x64.Build.0 = Debug|x64
		{AA028059-2DB7-4031-BD70-D8A152C4C51E}.mzkit_win32|Any CPU.ActiveCfg = mzkit_win32|Any CPU
		{AA028059-2DB7-4031-BD70-D8A152C4C51E}.mzkit_win32|Any CPU.Build.0 = mzkit_win32|Any CPU
		{AA028059-2DB7-4031-BD70-D8A152C4C51E}.mzkit_win32|x64.ActiveCfg = mzkit_win32|x64
		{AA028059-2DB7-4031-BD70-D8A152C4C51E}.mzkit_win32|x64.Build.0 = mzkit_win32|x64
		{AA028059-2DB7-4031-BD70-D8A152C4C51E}.Release|Any CPU.ActiveCfg = Release|Any CPU
		{AA028059-2DB7-4031-BD70-D8A152C4C51E}.Release|Any CPU.Build.0 = Release|Any CPU
		{AA028059-2DB7-4031-BD70-D8A152C4C51E}.Release|x64.ActiveCfg = Release|x64
		{AA028059-2DB7-4031-BD70-D8A152C4C51E}.Release|x64.Build.0 = Release|x64
	EndGlobalSection
	GlobalSection(SolutionProperties) = preSolution
		HideSolutionNode = FALSE
	EndGlobalSection
	GlobalSection(NestedProjects) = preSolution
		{05CDEDC2-E4AD-4FB6-992B-EEB0931E8AA1} = {8398A4F4-0F28-49E1-B4B4-DD9585A8DB1C}
		{51C55C5C-2F21-4E9F-AA8D-3664135758B7} = {FC108EAC-7171-4E09-88F3-A6ADFECA301C}
		{1C3CC018-F891-4411-B98A-EB21BB96DAA8} = {C7A3C8E0-1118-4154-B48C-64464D8C8570}
		{754D9713-4ACE-4FF4-9769-29461A11B760} = {C7A3C8E0-1118-4154-B48C-64464D8C8570}
		{C7A3C8E0-1118-4154-B48C-64464D8C8570} = {8398A4F4-0F28-49E1-B4B4-DD9585A8DB1C}
		{2646785E-31BF-4A7E-8465-B46BFE56BF3D} = {6D12AA65-3CAE-4A55-962D-1EAC7B14C837}
		{CE105084-18B7-4389-93A3-7F0A29D0CB29} = {8398A4F4-0F28-49E1-B4B4-DD9585A8DB1C}
		{AA028059-2DB7-4031-BD70-D8A152C4C51E} = {CE105084-18B7-4389-93A3-7F0A29D0CB29}
	EndGlobalSection
	GlobalSection(SharedMSBuildProjectFiles) = preSolution
		services\mzkit_win32.envir\mzkit_win32.envir.projitems*{51c55c5c-2f21-4e9f-aa8d-3664135758b7}*SharedItemsImports = 4
	EndGlobalSection
EndGlobal
