
Microsoft Visual Studio Solution File, Format Version 12.00
# Visual Studio Version 18
VisualStudioVersion = 18.0.11111.16 d18.0
MinimumVisualStudioVersion = 10.0.40219.1
Project("{2150E333-8FDC-42A3-9474-1A3956D46DE8}") = "framework", "framework", "{3A1F36A5-2284-4FAE-BF96-34C7662B0CF0}"
EndProject
Project("{778DAE3C-4631-46EA-AA77-85C1314464D9}") = "Core", "..\..\..\..\GCModeller\src\runtime\sciBASIC#\Microsoft.VisualBasic.Core\src\Core.vbproj", "{9FD0355C-BABF-4720-A880-2842C50B6E9E}"
EndProject
Project("{F184B08F-C81C-45F6-A57F-5ABD9991F28F}") = "LocalLaplacianFilters", "LocalLaplacianFilters\LocalLaplacianFilters.vbproj", "{1440C713-78B7-4D26-978C-D2789DDA67FF}"
EndProject
Project("{F184B08F-C81C-45F6-A57F-5ABD9991F28F}") = "Microsoft.Windows.FeatureAPI", "..\..\..\..\galaxy\src\Microsoft.Windows.FeatureAPI\Microsoft.Windows.FeatureAPI.vbproj", "{3D61F3A9-A8E0-4195-9133-6FD8E4B82D54}"
EndProject
Project("{2150E333-8FDC-42A3-9474-1A3956D46DE8}") = "galaxy", "galaxy", "{F3B39945-48FA-4A9F-B115-EF8CBED43F9B}"
EndProject
Project("{F184B08F-C81C-45F6-A57F-5ABD9991F28F}") = "GalaxyWorkbench", "..\..\..\..\galaxy\src\GalaxyWorkbench\GalaxyWorkbench.vbproj", "{EC84CBB4-8E2D-48EA-9E6C-3D7CF0BBB452}"
EndProject
Project("{F184B08F-C81C-45F6-A57F-5ABD9991F28F}") = "ThemeVS2015", "..\..\..\..\galaxy\src\dockpanelsuite\Themes\ThemeVS2015.vbproj", "{900306BB-63BA-4F02-A09A-B8D5929255E0}"
EndProject
Project("{F184B08F-C81C-45F6-A57F-5ABD9991F28F}") = "VSDockPanel", "..\..\..\..\galaxy\src\dockpanelsuite\VSDockPanel\VSDockPanel.vbproj", "{B3A121D1-A497-AE78-E449-BFF42270246D}"
EndProject
Project("{F184B08F-C81C-45F6-A57F-5ABD9991F28F}") = "Math.NET5", "..\..\..\..\GCModeller\src\runtime\sciBASIC#\Data_science\Mathematica\Math\Math\Math.NET5.vbproj", "{EF866F02-8F3E-17FA-5A3D-412B8B0C8A5C}"
EndProject
Project("{F184B08F-C81C-45F6-A57F-5ABD9991F28F}") = "Drawing-net4.8", "..\..\..\..\GCModeller\src\runtime\sciBASIC#\gr\Drawing-net4.8\Drawing-net4.8.vbproj", "{C4FE90B2-DA07-29D0-9383-664B7EF54024}"
EndProject
Project("{F184B08F-C81C-45F6-A57F-5ABD9991F28F}") = "html_netcore5", "..\..\..\..\GCModeller\src\runtime\sciBASIC#\mime\text%html\html_netcore5.vbproj", "{8A311E94-FE42-FCA0-BBCD-8C00D99A6539}"
EndProject
Global
	GlobalSection(SolutionConfigurationPlatforms) = preSolution
		Debug|Any CPU = Debug|Any CPU
		Debug|x64 = Debug|x64
		gcmodeller_desktop|Any CPU = gcmodeller_desktop|Any CPU
		gcmodeller_desktop|x64 = gcmodeller_desktop|x64
		LipidSearch|Any CPU = LipidSearch|Any CPU
		LipidSearch|x64 = LipidSearch|x64
		mzkit_win32|Any CPU = mzkit_win32|Any CPU
		mzkit_win32|x64 = mzkit_win32|x64
		mzkit|Any CPU = mzkit|Any CPU
		mzkit|x64 = mzkit|x64
		NPSearch|Any CPU = NPSearch|Any CPU
		NPSearch|x64 = NPSearch|x64
		PlantMAT|Any CPU = PlantMAT|Any CPU
		PlantMAT|x64 = PlantMAT|x64
		Release|Any CPU = Release|Any CPU
		Release|x64 = Release|x64
		Rsharp_app_release|Any CPU = Rsharp_app_release|Any CPU
		Rsharp_app_release|x64 = Rsharp_app_release|x64
	EndGlobalSection
	GlobalSection(ProjectConfigurationPlatforms) = postSolution
		{9FD0355C-BABF-4720-A880-2842C50B6E9E}.Debug|Any CPU.ActiveCfg = Debug|Any CPU
		{9FD0355C-BABF-4720-A880-2842C50B6E9E}.Debug|Any CPU.Build.0 = Debug|Any CPU
		{9FD0355C-BABF-4720-A880-2842C50B6E9E}.Debug|x64.ActiveCfg = Debug|x64
		{9FD0355C-BABF-4720-A880-2842C50B6E9E}.Debug|x64.Build.0 = Debug|x64
		{9FD0355C-BABF-4720-A880-2842C50B6E9E}.gcmodeller_desktop|Any CPU.ActiveCfg = gcmodeller_desktop|Any CPU
		{9FD0355C-BABF-4720-A880-2842C50B6E9E}.gcmodeller_desktop|Any CPU.Build.0 = gcmodeller_desktop|Any CPU
		{9FD0355C-BABF-4720-A880-2842C50B6E9E}.gcmodeller_desktop|x64.ActiveCfg = gcmodeller_desktop|x64
		{9FD0355C-BABF-4720-A880-2842C50B6E9E}.gcmodeller_desktop|x64.Build.0 = gcmodeller_desktop|x64
		{9FD0355C-BABF-4720-A880-2842C50B6E9E}.LipidSearch|Any CPU.ActiveCfg = LipidSearch|Any CPU
		{9FD0355C-BABF-4720-A880-2842C50B6E9E}.LipidSearch|Any CPU.Build.0 = LipidSearch|Any CPU
		{9FD0355C-BABF-4720-A880-2842C50B6E9E}.LipidSearch|x64.ActiveCfg = LipidSearch|x64
		{9FD0355C-BABF-4720-A880-2842C50B6E9E}.LipidSearch|x64.Build.0 = LipidSearch|x64
		{9FD0355C-BABF-4720-A880-2842C50B6E9E}.mzkit_win32|Any CPU.ActiveCfg = mzkit_win32|Any CPU
		{9FD0355C-BABF-4720-A880-2842C50B6E9E}.mzkit_win32|Any CPU.Build.0 = mzkit_win32|Any CPU
		{9FD0355C-BABF-4720-A880-2842C50B6E9E}.mzkit_win32|x64.ActiveCfg = mzkit_win32|x64
		{9FD0355C-BABF-4720-A880-2842C50B6E9E}.mzkit_win32|x64.Build.0 = mzkit_win32|x64
		{9FD0355C-BABF-4720-A880-2842C50B6E9E}.mzkit|Any CPU.ActiveCfg = mzkit|Any CPU
		{9FD0355C-BABF-4720-A880-2842C50B6E9E}.mzkit|Any CPU.Build.0 = mzkit|Any CPU
		{9FD0355C-BABF-4720-A880-2842C50B6E9E}.mzkit|x64.ActiveCfg = mzkit|x64
		{9FD0355C-BABF-4720-A880-2842C50B6E9E}.mzkit|x64.Build.0 = mzkit|x64
		{9FD0355C-BABF-4720-A880-2842C50B6E9E}.NPSearch|Any CPU.ActiveCfg = NPSearch|Any CPU
		{9FD0355C-BABF-4720-A880-2842C50B6E9E}.NPSearch|Any CPU.Build.0 = NPSearch|Any CPU
		{9FD0355C-BABF-4720-A880-2842C50B6E9E}.NPSearch|x64.ActiveCfg = NPSearch|x64
		{9FD0355C-BABF-4720-A880-2842C50B6E9E}.NPSearch|x64.Build.0 = NPSearch|x64
		{9FD0355C-BABF-4720-A880-2842C50B6E9E}.PlantMAT|Any CPU.ActiveCfg = PlantMAT|Any CPU
		{9FD0355C-BABF-4720-A880-2842C50B6E9E}.PlantMAT|Any CPU.Build.0 = PlantMAT|Any CPU
		{9FD0355C-BABF-4720-A880-2842C50B6E9E}.PlantMAT|x64.ActiveCfg = PlantMAT|x64
		{9FD0355C-BABF-4720-A880-2842C50B6E9E}.PlantMAT|x64.Build.0 = PlantMAT|x64
		{9FD0355C-BABF-4720-A880-2842C50B6E9E}.Release|Any CPU.ActiveCfg = Release|Any CPU
		{9FD0355C-BABF-4720-A880-2842C50B6E9E}.Release|Any CPU.Build.0 = Release|Any CPU
		{9FD0355C-BABF-4720-A880-2842C50B6E9E}.Release|x64.ActiveCfg = Release|x64
		{9FD0355C-BABF-4720-A880-2842C50B6E9E}.Release|x64.Build.0 = Release|x64
		{9FD0355C-BABF-4720-A880-2842C50B6E9E}.Rsharp_app_release|Any CPU.ActiveCfg = Rsharp_app_release|Any CPU
		{9FD0355C-BABF-4720-A880-2842C50B6E9E}.Rsharp_app_release|Any CPU.Build.0 = Rsharp_app_release|Any CPU
		{9FD0355C-BABF-4720-A880-2842C50B6E9E}.Rsharp_app_release|x64.ActiveCfg = Rsharp_app_release|x64
		{9FD0355C-BABF-4720-A880-2842C50B6E9E}.Rsharp_app_release|x64.Build.0 = Rsharp_app_release|x64
		{1440C713-78B7-4D26-978C-D2789DDA67FF}.Debug|Any CPU.ActiveCfg = Debug|Any CPU
		{1440C713-78B7-4D26-978C-D2789DDA67FF}.Debug|Any CPU.Build.0 = Debug|Any CPU
		{1440C713-78B7-4D26-978C-D2789DDA67FF}.Debug|x64.ActiveCfg = Debug|x64
		{1440C713-78B7-4D26-978C-D2789DDA67FF}.Debug|x64.Build.0 = Debug|x64
		{1440C713-78B7-4D26-978C-D2789DDA67FF}.gcmodeller_desktop|Any CPU.ActiveCfg = Debug|Any CPU
		{1440C713-78B7-4D26-978C-D2789DDA67FF}.gcmodeller_desktop|Any CPU.Build.0 = Debug|Any CPU
		{1440C713-78B7-4D26-978C-D2789DDA67FF}.gcmodeller_desktop|x64.ActiveCfg = Debug|Any CPU
		{1440C713-78B7-4D26-978C-D2789DDA67FF}.gcmodeller_desktop|x64.Build.0 = Debug|Any CPU
		{1440C713-78B7-4D26-978C-D2789DDA67FF}.LipidSearch|Any CPU.ActiveCfg = Debug|Any CPU
		{1440C713-78B7-4D26-978C-D2789DDA67FF}.LipidSearch|Any CPU.Build.0 = Debug|Any CPU
		{1440C713-78B7-4D26-978C-D2789DDA67FF}.LipidSearch|x64.ActiveCfg = Debug|Any CPU
		{1440C713-78B7-4D26-978C-D2789DDA67FF}.LipidSearch|x64.Build.0 = Debug|Any CPU
		{1440C713-78B7-4D26-978C-D2789DDA67FF}.mzkit_win32|Any CPU.ActiveCfg = Debug|Any CPU
		{1440C713-78B7-4D26-978C-D2789DDA67FF}.mzkit_win32|Any CPU.Build.0 = Debug|Any CPU
		{1440C713-78B7-4D26-978C-D2789DDA67FF}.mzkit_win32|x64.ActiveCfg = mzkit_win32|x64
		{1440C713-78B7-4D26-978C-D2789DDA67FF}.mzkit_win32|x64.Build.0 = mzkit_win32|x64
		{1440C713-78B7-4D26-978C-D2789DDA67FF}.mzkit|Any CPU.ActiveCfg = Debug|Any CPU
		{1440C713-78B7-4D26-978C-D2789DDA67FF}.mzkit|Any CPU.Build.0 = Debug|Any CPU
		{1440C713-78B7-4D26-978C-D2789DDA67FF}.mzkit|x64.ActiveCfg = Debug|Any CPU
		{1440C713-78B7-4D26-978C-D2789DDA67FF}.mzkit|x64.Build.0 = Debug|Any CPU
		{1440C713-78B7-4D26-978C-D2789DDA67FF}.NPSearch|Any CPU.ActiveCfg = Debug|Any CPU
		{1440C713-78B7-4D26-978C-D2789DDA67FF}.NPSearch|Any CPU.Build.0 = Debug|Any CPU
		{1440C713-78B7-4D26-978C-D2789DDA67FF}.NPSearch|x64.ActiveCfg = Debug|Any CPU
		{1440C713-78B7-4D26-978C-D2789DDA67FF}.NPSearch|x64.Build.0 = Debug|Any CPU
		{1440C713-78B7-4D26-978C-D2789DDA67FF}.PlantMAT|Any CPU.ActiveCfg = Debug|Any CPU
		{1440C713-78B7-4D26-978C-D2789DDA67FF}.PlantMAT|Any CPU.Build.0 = Debug|Any CPU
		{1440C713-78B7-4D26-978C-D2789DDA67FF}.PlantMAT|x64.ActiveCfg = Debug|Any CPU
		{1440C713-78B7-4D26-978C-D2789DDA67FF}.PlantMAT|x64.Build.0 = Debug|Any CPU
		{1440C713-78B7-4D26-978C-D2789DDA67FF}.Release|Any CPU.ActiveCfg = Release|Any CPU
		{1440C713-78B7-4D26-978C-D2789DDA67FF}.Release|Any CPU.Build.0 = Release|Any CPU
		{1440C713-78B7-4D26-978C-D2789DDA67FF}.Release|x64.ActiveCfg = Release|Any CPU
		{1440C713-78B7-4D26-978C-D2789DDA67FF}.Release|x64.Build.0 = Release|Any CPU
		{1440C713-78B7-4D26-978C-D2789DDA67FF}.Rsharp_app_release|Any CPU.ActiveCfg = Release|Any CPU
		{1440C713-78B7-4D26-978C-D2789DDA67FF}.Rsharp_app_release|Any CPU.Build.0 = Release|Any CPU
		{1440C713-78B7-4D26-978C-D2789DDA67FF}.Rsharp_app_release|x64.ActiveCfg = Release|Any CPU
		{1440C713-78B7-4D26-978C-D2789DDA67FF}.Rsharp_app_release|x64.Build.0 = Release|Any CPU
		{3D61F3A9-A8E0-4195-9133-6FD8E4B82D54}.Debug|Any CPU.ActiveCfg = Debug|Any CPU
		{3D61F3A9-A8E0-4195-9133-6FD8E4B82D54}.Debug|Any CPU.Build.0 = Debug|Any CPU
		{3D61F3A9-A8E0-4195-9133-6FD8E4B82D54}.Debug|x64.ActiveCfg = Debug|Any CPU
		{3D61F3A9-A8E0-4195-9133-6FD8E4B82D54}.Debug|x64.Build.0 = Debug|Any CPU
		{3D61F3A9-A8E0-4195-9133-6FD8E4B82D54}.gcmodeller_desktop|Any CPU.ActiveCfg = Release|Any CPU
		{3D61F3A9-A8E0-4195-9133-6FD8E4B82D54}.gcmodeller_desktop|Any CPU.Build.0 = Release|Any CPU
		{3D61F3A9-A8E0-4195-9133-6FD8E4B82D54}.gcmodeller_desktop|x64.ActiveCfg = Release|x64
		{3D61F3A9-A8E0-4195-9133-6FD8E4B82D54}.gcmodeller_desktop|x64.Build.0 = Release|x64
		{3D61F3A9-A8E0-4195-9133-6FD8E4B82D54}.LipidSearch|Any CPU.ActiveCfg = Debug|Any CPU
		{3D61F3A9-A8E0-4195-9133-6FD8E4B82D54}.LipidSearch|Any CPU.Build.0 = Debug|Any CPU
		{3D61F3A9-A8E0-4195-9133-6FD8E4B82D54}.LipidSearch|x64.ActiveCfg = Debug|x64
		{3D61F3A9-A8E0-4195-9133-6FD8E4B82D54}.LipidSearch|x64.Build.0 = Debug|x64
		{3D61F3A9-A8E0-4195-9133-6FD8E4B82D54}.mzkit_win32|Any CPU.ActiveCfg = Release|Any CPU
		{3D61F3A9-A8E0-4195-9133-6FD8E4B82D54}.mzkit_win32|Any CPU.Build.0 = Release|Any CPU
		{3D61F3A9-A8E0-4195-9133-6FD8E4B82D54}.mzkit_win32|x64.ActiveCfg = Release|Any CPU
		{3D61F3A9-A8E0-4195-9133-6FD8E4B82D54}.mzkit_win32|x64.Build.0 = Release|Any CPU
		{3D61F3A9-A8E0-4195-9133-6FD8E4B82D54}.mzkit|Any CPU.ActiveCfg = Debug|Any CPU
		{3D61F3A9-A8E0-4195-9133-6FD8E4B82D54}.mzkit|Any CPU.Build.0 = Debug|Any CPU
		{3D61F3A9-A8E0-4195-9133-6FD8E4B82D54}.mzkit|x64.ActiveCfg = Debug|x64
		{3D61F3A9-A8E0-4195-9133-6FD8E4B82D54}.mzkit|x64.Build.0 = Debug|x64
		{3D61F3A9-A8E0-4195-9133-6FD8E4B82D54}.NPSearch|Any CPU.ActiveCfg = MEMI-Desktop|Any CPU
		{3D61F3A9-A8E0-4195-9133-6FD8E4B82D54}.NPSearch|Any CPU.Build.0 = MEMI-Desktop|Any CPU
		{3D61F3A9-A8E0-4195-9133-6FD8E4B82D54}.NPSearch|x64.ActiveCfg = MEMI-Desktop|x64
		{3D61F3A9-A8E0-4195-9133-6FD8E4B82D54}.NPSearch|x64.Build.0 = MEMI-Desktop|x64
		{3D61F3A9-A8E0-4195-9133-6FD8E4B82D54}.PlantMAT|Any CPU.ActiveCfg = MEMI-Desktop|Any CPU
		{3D61F3A9-A8E0-4195-9133-6FD8E4B82D54}.PlantMAT|Any CPU.Build.0 = MEMI-Desktop|Any CPU
		{3D61F3A9-A8E0-4195-9133-6FD8E4B82D54}.PlantMAT|x64.ActiveCfg = MEMI-Desktop|x64
		{3D61F3A9-A8E0-4195-9133-6FD8E4B82D54}.PlantMAT|x64.Build.0 = MEMI-Desktop|x64
		{3D61F3A9-A8E0-4195-9133-6FD8E4B82D54}.Release|Any CPU.ActiveCfg = Release|Any CPU
		{3D61F3A9-A8E0-4195-9133-6FD8E4B82D54}.Release|Any CPU.Build.0 = Release|Any CPU
		{3D61F3A9-A8E0-4195-9133-6FD8E4B82D54}.Release|x64.ActiveCfg = Release|x64
		{3D61F3A9-A8E0-4195-9133-6FD8E4B82D54}.Release|x64.Build.0 = Release|x64
		{3D61F3A9-A8E0-4195-9133-6FD8E4B82D54}.Rsharp_app_release|Any CPU.ActiveCfg = MEMI-Desktop|Any CPU
		{3D61F3A9-A8E0-4195-9133-6FD8E4B82D54}.Rsharp_app_release|Any CPU.Build.0 = MEMI-Desktop|Any CPU
		{3D61F3A9-A8E0-4195-9133-6FD8E4B82D54}.Rsharp_app_release|x64.ActiveCfg = MEMI-Desktop|x64
		{3D61F3A9-A8E0-4195-9133-6FD8E4B82D54}.Rsharp_app_release|x64.Build.0 = MEMI-Desktop|x64
		{EC84CBB4-8E2D-48EA-9E6C-3D7CF0BBB452}.Debug|Any CPU.ActiveCfg = Debug|Any CPU
		{EC84CBB4-8E2D-48EA-9E6C-3D7CF0BBB452}.Debug|Any CPU.Build.0 = Debug|Any CPU
		{EC84CBB4-8E2D-48EA-9E6C-3D7CF0BBB452}.Debug|x64.ActiveCfg = Debug|x64
		{EC84CBB4-8E2D-48EA-9E6C-3D7CF0BBB452}.Debug|x64.Build.0 = Debug|x64
		{EC84CBB4-8E2D-48EA-9E6C-3D7CF0BBB452}.gcmodeller_desktop|Any CPU.ActiveCfg = Release|Any CPU
		{EC84CBB4-8E2D-48EA-9E6C-3D7CF0BBB452}.gcmodeller_desktop|Any CPU.Build.0 = Release|Any CPU
		{EC84CBB4-8E2D-48EA-9E6C-3D7CF0BBB452}.gcmodeller_desktop|x64.ActiveCfg = Release|x64
		{EC84CBB4-8E2D-48EA-9E6C-3D7CF0BBB452}.gcmodeller_desktop|x64.Build.0 = Release|x64
		{EC84CBB4-8E2D-48EA-9E6C-3D7CF0BBB452}.LipidSearch|Any CPU.ActiveCfg = Debug|Any CPU
		{EC84CBB4-8E2D-48EA-9E6C-3D7CF0BBB452}.LipidSearch|Any CPU.Build.0 = Debug|Any CPU
		{EC84CBB4-8E2D-48EA-9E6C-3D7CF0BBB452}.LipidSearch|x64.ActiveCfg = Debug|x64
		{EC84CBB4-8E2D-48EA-9E6C-3D7CF0BBB452}.LipidSearch|x64.Build.0 = Debug|x64
		{EC84CBB4-8E2D-48EA-9E6C-3D7CF0BBB452}.mzkit_win32|Any CPU.ActiveCfg = Release|Any CPU
		{EC84CBB4-8E2D-48EA-9E6C-3D7CF0BBB452}.mzkit_win32|Any CPU.Build.0 = Release|Any CPU
		{EC84CBB4-8E2D-48EA-9E6C-3D7CF0BBB452}.mzkit_win32|x64.ActiveCfg = Release|x64
		{EC84CBB4-8E2D-48EA-9E6C-3D7CF0BBB452}.mzkit_win32|x64.Build.0 = Release|x64
		{EC84CBB4-8E2D-48EA-9E6C-3D7CF0BBB452}.mzkit|Any CPU.ActiveCfg = Debug|Any CPU
		{EC84CBB4-8E2D-48EA-9E6C-3D7CF0BBB452}.mzkit|Any CPU.Build.0 = Debug|Any CPU
		{EC84CBB4-8E2D-48EA-9E6C-3D7CF0BBB452}.mzkit|x64.ActiveCfg = Debug|x64
		{EC84CBB4-8E2D-48EA-9E6C-3D7CF0BBB452}.mzkit|x64.Build.0 = Debug|x64
		{EC84CBB4-8E2D-48EA-9E6C-3D7CF0BBB452}.NPSearch|Any CPU.ActiveCfg = MEMI-Desktop|Any CPU
		{EC84CBB4-8E2D-48EA-9E6C-3D7CF0BBB452}.NPSearch|Any CPU.Build.0 = MEMI-Desktop|Any CPU
		{EC84CBB4-8E2D-48EA-9E6C-3D7CF0BBB452}.NPSearch|x64.ActiveCfg = MEMI-Desktop|x64
		{EC84CBB4-8E2D-48EA-9E6C-3D7CF0BBB452}.NPSearch|x64.Build.0 = MEMI-Desktop|x64
		{EC84CBB4-8E2D-48EA-9E6C-3D7CF0BBB452}.PlantMAT|Any CPU.ActiveCfg = MEMI-Desktop|Any CPU
		{EC84CBB4-8E2D-48EA-9E6C-3D7CF0BBB452}.PlantMAT|Any CPU.Build.0 = MEMI-Desktop|Any CPU
		{EC84CBB4-8E2D-48EA-9E6C-3D7CF0BBB452}.PlantMAT|x64.ActiveCfg = MEMI-Desktop|x64
		{EC84CBB4-8E2D-48EA-9E6C-3D7CF0BBB452}.PlantMAT|x64.Build.0 = MEMI-Desktop|x64
		{EC84CBB4-8E2D-48EA-9E6C-3D7CF0BBB452}.Release|Any CPU.ActiveCfg = Release|Any CPU
		{EC84CBB4-8E2D-48EA-9E6C-3D7CF0BBB452}.Release|Any CPU.Build.0 = Release|Any CPU
		{EC84CBB4-8E2D-48EA-9E6C-3D7CF0BBB452}.Release|x64.ActiveCfg = Release|x64
		{EC84CBB4-8E2D-48EA-9E6C-3D7CF0BBB452}.Release|x64.Build.0 = Release|x64
		{EC84CBB4-8E2D-48EA-9E6C-3D7CF0BBB452}.Rsharp_app_release|Any CPU.ActiveCfg = MEMI-Desktop|Any CPU
		{EC84CBB4-8E2D-48EA-9E6C-3D7CF0BBB452}.Rsharp_app_release|Any CPU.Build.0 = MEMI-Desktop|Any CPU
		{EC84CBB4-8E2D-48EA-9E6C-3D7CF0BBB452}.Rsharp_app_release|x64.ActiveCfg = MEMI-Desktop|x64
		{EC84CBB4-8E2D-48EA-9E6C-3D7CF0BBB452}.Rsharp_app_release|x64.Build.0 = MEMI-Desktop|x64
		{900306BB-63BA-4F02-A09A-B8D5929255E0}.Debug|Any CPU.ActiveCfg = Debug|Any CPU
		{900306BB-63BA-4F02-A09A-B8D5929255E0}.Debug|Any CPU.Build.0 = Debug|Any CPU
		{900306BB-63BA-4F02-A09A-B8D5929255E0}.Debug|x64.ActiveCfg = Debug|x64
		{900306BB-63BA-4F02-A09A-B8D5929255E0}.Debug|x64.Build.0 = Debug|x64
		{900306BB-63BA-4F02-A09A-B8D5929255E0}.gcmodeller_desktop|Any CPU.ActiveCfg = Release|Any CPU
		{900306BB-63BA-4F02-A09A-B8D5929255E0}.gcmodeller_desktop|Any CPU.Build.0 = Release|Any CPU
		{900306BB-63BA-4F02-A09A-B8D5929255E0}.gcmodeller_desktop|x64.ActiveCfg = Release|x64
		{900306BB-63BA-4F02-A09A-B8D5929255E0}.gcmodeller_desktop|x64.Build.0 = Release|x64
		{900306BB-63BA-4F02-A09A-B8D5929255E0}.LipidSearch|Any CPU.ActiveCfg = Debug|Any CPU
		{900306BB-63BA-4F02-A09A-B8D5929255E0}.LipidSearch|Any CPU.Build.0 = Debug|Any CPU
		{900306BB-63BA-4F02-A09A-B8D5929255E0}.LipidSearch|x64.ActiveCfg = Debug|x64
		{900306BB-63BA-4F02-A09A-B8D5929255E0}.LipidSearch|x64.Build.0 = Debug|x64
		{900306BB-63BA-4F02-A09A-B8D5929255E0}.mzkit_win32|Any CPU.ActiveCfg = Release|Any CPU
		{900306BB-63BA-4F02-A09A-B8D5929255E0}.mzkit_win32|Any CPU.Build.0 = Release|Any CPU
		{900306BB-63BA-4F02-A09A-B8D5929255E0}.mzkit_win32|x64.ActiveCfg = Release|x64
		{900306BB-63BA-4F02-A09A-B8D5929255E0}.mzkit_win32|x64.Build.0 = Release|x64
		{900306BB-63BA-4F02-A09A-B8D5929255E0}.mzkit|Any CPU.ActiveCfg = Debug|Any CPU
		{900306BB-63BA-4F02-A09A-B8D5929255E0}.mzkit|Any CPU.Build.0 = Debug|Any CPU
		{900306BB-63BA-4F02-A09A-B8D5929255E0}.mzkit|x64.ActiveCfg = Debug|x64
		{900306BB-63BA-4F02-A09A-B8D5929255E0}.mzkit|x64.Build.0 = Debug|x64
		{900306BB-63BA-4F02-A09A-B8D5929255E0}.NPSearch|Any CPU.ActiveCfg = MEMI-Desktop|Any CPU
		{900306BB-63BA-4F02-A09A-B8D5929255E0}.NPSearch|Any CPU.Build.0 = MEMI-Desktop|Any CPU
		{900306BB-63BA-4F02-A09A-B8D5929255E0}.NPSearch|x64.ActiveCfg = MEMI-Desktop|x64
		{900306BB-63BA-4F02-A09A-B8D5929255E0}.NPSearch|x64.Build.0 = MEMI-Desktop|x64
		{900306BB-63BA-4F02-A09A-B8D5929255E0}.PlantMAT|Any CPU.ActiveCfg = MEMI-Desktop|Any CPU
		{900306BB-63BA-4F02-A09A-B8D5929255E0}.PlantMAT|Any CPU.Build.0 = MEMI-Desktop|Any CPU
		{900306BB-63BA-4F02-A09A-B8D5929255E0}.PlantMAT|x64.ActiveCfg = MEMI-Desktop|x64
		{900306BB-63BA-4F02-A09A-B8D5929255E0}.PlantMAT|x64.Build.0 = MEMI-Desktop|x64
		{900306BB-63BA-4F02-A09A-B8D5929255E0}.Release|Any CPU.ActiveCfg = Release|Any CPU
		{900306BB-63BA-4F02-A09A-B8D5929255E0}.Release|Any CPU.Build.0 = Release|Any CPU
		{900306BB-63BA-4F02-A09A-B8D5929255E0}.Release|x64.ActiveCfg = Release|x64
		{900306BB-63BA-4F02-A09A-B8D5929255E0}.Release|x64.Build.0 = Release|x64
		{900306BB-63BA-4F02-A09A-B8D5929255E0}.Rsharp_app_release|Any CPU.ActiveCfg = MEMI-Desktop|Any CPU
		{900306BB-63BA-4F02-A09A-B8D5929255E0}.Rsharp_app_release|Any CPU.Build.0 = MEMI-Desktop|Any CPU
		{900306BB-63BA-4F02-A09A-B8D5929255E0}.Rsharp_app_release|x64.ActiveCfg = MEMI-Desktop|x64
		{900306BB-63BA-4F02-A09A-B8D5929255E0}.Rsharp_app_release|x64.Build.0 = MEMI-Desktop|x64
		{B3A121D1-A497-AE78-E449-BFF42270246D}.Debug|Any CPU.ActiveCfg = Debug|Any CPU
		{B3A121D1-A497-AE78-E449-BFF42270246D}.Debug|Any CPU.Build.0 = Debug|Any CPU
		{B3A121D1-A497-AE78-E449-BFF42270246D}.Debug|x64.ActiveCfg = Debug|x64
		{B3A121D1-A497-AE78-E449-BFF42270246D}.Debug|x64.Build.0 = Debug|x64
		{B3A121D1-A497-AE78-E449-BFF42270246D}.gcmodeller_desktop|Any CPU.ActiveCfg = Release|Any CPU
		{B3A121D1-A497-AE78-E449-BFF42270246D}.gcmodeller_desktop|Any CPU.Build.0 = Release|Any CPU
		{B3A121D1-A497-AE78-E449-BFF42270246D}.gcmodeller_desktop|x64.ActiveCfg = Release|x64
		{B3A121D1-A497-AE78-E449-BFF42270246D}.gcmodeller_desktop|x64.Build.0 = Release|x64
		{B3A121D1-A497-AE78-E449-BFF42270246D}.LipidSearch|Any CPU.ActiveCfg = Debug|Any CPU
		{B3A121D1-A497-AE78-E449-BFF42270246D}.LipidSearch|Any CPU.Build.0 = Debug|Any CPU
		{B3A121D1-A497-AE78-E449-BFF42270246D}.LipidSearch|x64.ActiveCfg = Debug|x64
		{B3A121D1-A497-AE78-E449-BFF42270246D}.LipidSearch|x64.Build.0 = Debug|x64
		{B3A121D1-A497-AE78-E449-BFF42270246D}.mzkit_win32|Any CPU.ActiveCfg = Release|Any CPU
		{B3A121D1-A497-AE78-E449-BFF42270246D}.mzkit_win32|Any CPU.Build.0 = Release|Any CPU
		{B3A121D1-A497-AE78-E449-BFF42270246D}.mzkit_win32|x64.ActiveCfg = Release|x64
		{B3A121D1-A497-AE78-E449-BFF42270246D}.mzkit_win32|x64.Build.0 = Release|x64
		{B3A121D1-A497-AE78-E449-BFF42270246D}.mzkit|Any CPU.ActiveCfg = Debug|Any CPU
		{B3A121D1-A497-AE78-E449-BFF42270246D}.mzkit|Any CPU.Build.0 = Debug|Any CPU
		{B3A121D1-A497-AE78-E449-BFF42270246D}.mzkit|x64.ActiveCfg = Debug|x64
		{B3A121D1-A497-AE78-E449-BFF42270246D}.mzkit|x64.Build.0 = Debug|x64
		{B3A121D1-A497-AE78-E449-BFF42270246D}.NPSearch|Any CPU.ActiveCfg = MEMI-Desktop|Any CPU
		{B3A121D1-A497-AE78-E449-BFF42270246D}.NPSearch|Any CPU.Build.0 = MEMI-Desktop|Any CPU
		{B3A121D1-A497-AE78-E449-BFF42270246D}.NPSearch|x64.ActiveCfg = MEMI-Desktop|x64
		{B3A121D1-A497-AE78-E449-BFF42270246D}.NPSearch|x64.Build.0 = MEMI-Desktop|x64
		{B3A121D1-A497-AE78-E449-BFF42270246D}.PlantMAT|Any CPU.ActiveCfg = MEMI-Desktop|Any CPU
		{B3A121D1-A497-AE78-E449-BFF42270246D}.PlantMAT|Any CPU.Build.0 = MEMI-Desktop|Any CPU
		{B3A121D1-A497-AE78-E449-BFF42270246D}.PlantMAT|x64.ActiveCfg = MEMI-Desktop|x64
		{B3A121D1-A497-AE78-E449-BFF42270246D}.PlantMAT|x64.Build.0 = MEMI-Desktop|x64
		{B3A121D1-A497-AE78-E449-BFF42270246D}.Release|Any CPU.ActiveCfg = Release|Any CPU
		{B3A121D1-A497-AE78-E449-BFF42270246D}.Release|Any CPU.Build.0 = Release|Any CPU
		{B3A121D1-A497-AE78-E449-BFF42270246D}.Release|x64.ActiveCfg = Release|x64
		{B3A121D1-A497-AE78-E449-BFF42270246D}.Release|x64.Build.0 = Release|x64
		{B3A121D1-A497-AE78-E449-BFF42270246D}.Rsharp_app_release|Any CPU.ActiveCfg = MEMI-Desktop|Any CPU
		{B3A121D1-A497-AE78-E449-BFF42270246D}.Rsharp_app_release|Any CPU.Build.0 = MEMI-Desktop|Any CPU
		{B3A121D1-A497-AE78-E449-BFF42270246D}.Rsharp_app_release|x64.ActiveCfg = MEMI-Desktop|x64
		{B3A121D1-A497-AE78-E449-BFF42270246D}.Rsharp_app_release|x64.Build.0 = MEMI-Desktop|x64
		{EF866F02-8F3E-17FA-5A3D-412B8B0C8A5C}.Debug|Any CPU.ActiveCfg = Debug|Any CPU
		{EF866F02-8F3E-17FA-5A3D-412B8B0C8A5C}.Debug|Any CPU.Build.0 = Debug|Any CPU
		{EF866F02-8F3E-17FA-5A3D-412B8B0C8A5C}.Debug|x64.ActiveCfg = Debug|x64
		{EF866F02-8F3E-17FA-5A3D-412B8B0C8A5C}.Debug|x64.Build.0 = Debug|x64
		{EF866F02-8F3E-17FA-5A3D-412B8B0C8A5C}.gcmodeller_desktop|Any CPU.ActiveCfg = gcmodeller_desktop|Any CPU
		{EF866F02-8F3E-17FA-5A3D-412B8B0C8A5C}.gcmodeller_desktop|Any CPU.Build.0 = gcmodeller_desktop|Any CPU
		{EF866F02-8F3E-17FA-5A3D-412B8B0C8A5C}.gcmodeller_desktop|x64.ActiveCfg = gcmodeller_desktop|x64
		{EF866F02-8F3E-17FA-5A3D-412B8B0C8A5C}.gcmodeller_desktop|x64.Build.0 = gcmodeller_desktop|x64
		{EF866F02-8F3E-17FA-5A3D-412B8B0C8A5C}.LipidSearch|Any CPU.ActiveCfg = LipidSearch|Any CPU
		{EF866F02-8F3E-17FA-5A3D-412B8B0C8A5C}.LipidSearch|Any CPU.Build.0 = LipidSearch|Any CPU
		{EF866F02-8F3E-17FA-5A3D-412B8B0C8A5C}.LipidSearch|x64.ActiveCfg = LipidSearch|x64
		{EF866F02-8F3E-17FA-5A3D-412B8B0C8A5C}.LipidSearch|x64.Build.0 = LipidSearch|x64
		{EF866F02-8F3E-17FA-5A3D-412B8B0C8A5C}.mzkit_win32|Any CPU.ActiveCfg = mzkit_win32|Any CPU
		{EF866F02-8F3E-17FA-5A3D-412B8B0C8A5C}.mzkit_win32|Any CPU.Build.0 = mzkit_win32|Any CPU
		{EF866F02-8F3E-17FA-5A3D-412B8B0C8A5C}.mzkit_win32|x64.ActiveCfg = mzkit_win32|x64
		{EF866F02-8F3E-17FA-5A3D-412B8B0C8A5C}.mzkit_win32|x64.Build.0 = mzkit_win32|x64
		{EF866F02-8F3E-17FA-5A3D-412B8B0C8A5C}.mzkit|Any CPU.ActiveCfg = mzkit|Any CPU
		{EF866F02-8F3E-17FA-5A3D-412B8B0C8A5C}.mzkit|Any CPU.Build.0 = mzkit|Any CPU
		{EF866F02-8F3E-17FA-5A3D-412B8B0C8A5C}.mzkit|x64.ActiveCfg = mzkit|x64
		{EF866F02-8F3E-17FA-5A3D-412B8B0C8A5C}.mzkit|x64.Build.0 = mzkit|x64
		{EF866F02-8F3E-17FA-5A3D-412B8B0C8A5C}.NPSearch|Any CPU.ActiveCfg = NPSearch|Any CPU
		{EF866F02-8F3E-17FA-5A3D-412B8B0C8A5C}.NPSearch|Any CPU.Build.0 = NPSearch|Any CPU
		{EF866F02-8F3E-17FA-5A3D-412B8B0C8A5C}.NPSearch|x64.ActiveCfg = NPSearch|x64
		{EF866F02-8F3E-17FA-5A3D-412B8B0C8A5C}.NPSearch|x64.Build.0 = NPSearch|x64
		{EF866F02-8F3E-17FA-5A3D-412B8B0C8A5C}.PlantMAT|Any CPU.ActiveCfg = PlantMAT|Any CPU
		{EF866F02-8F3E-17FA-5A3D-412B8B0C8A5C}.PlantMAT|Any CPU.Build.0 = PlantMAT|Any CPU
		{EF866F02-8F3E-17FA-5A3D-412B8B0C8A5C}.PlantMAT|x64.ActiveCfg = PlantMAT|x64
		{EF866F02-8F3E-17FA-5A3D-412B8B0C8A5C}.PlantMAT|x64.Build.0 = PlantMAT|x64
		{EF866F02-8F3E-17FA-5A3D-412B8B0C8A5C}.Release|Any CPU.ActiveCfg = Release|Any CPU
		{EF866F02-8F3E-17FA-5A3D-412B8B0C8A5C}.Release|Any CPU.Build.0 = Release|Any CPU
		{EF866F02-8F3E-17FA-5A3D-412B8B0C8A5C}.Release|x64.ActiveCfg = Release|x64
		{EF866F02-8F3E-17FA-5A3D-412B8B0C8A5C}.Release|x64.Build.0 = Release|x64
		{EF866F02-8F3E-17FA-5A3D-412B8B0C8A5C}.Rsharp_app_release|Any CPU.ActiveCfg = Rsharp_app_release|Any CPU
		{EF866F02-8F3E-17FA-5A3D-412B8B0C8A5C}.Rsharp_app_release|Any CPU.Build.0 = Rsharp_app_release|Any CPU
		{EF866F02-8F3E-17FA-5A3D-412B8B0C8A5C}.Rsharp_app_release|x64.ActiveCfg = Rsharp_app_release|x64
		{EF866F02-8F3E-17FA-5A3D-412B8B0C8A5C}.Rsharp_app_release|x64.Build.0 = Rsharp_app_release|x64
		{C4FE90B2-DA07-29D0-9383-664B7EF54024}.Debug|Any CPU.ActiveCfg = Debug|Any CPU
		{C4FE90B2-DA07-29D0-9383-664B7EF54024}.Debug|Any CPU.Build.0 = Debug|Any CPU
		{C4FE90B2-DA07-29D0-9383-664B7EF54024}.Debug|x64.ActiveCfg = Debug|x64
		{C4FE90B2-DA07-29D0-9383-664B7EF54024}.Debug|x64.Build.0 = Debug|x64
		{C4FE90B2-DA07-29D0-9383-664B7EF54024}.gcmodeller_desktop|Any CPU.ActiveCfg = nuget_release|Any CPU
		{C4FE90B2-DA07-29D0-9383-664B7EF54024}.gcmodeller_desktop|Any CPU.Build.0 = nuget_release|Any CPU
		{C4FE90B2-DA07-29D0-9383-664B7EF54024}.gcmodeller_desktop|x64.ActiveCfg = nuget_release|x64
		{C4FE90B2-DA07-29D0-9383-664B7EF54024}.gcmodeller_desktop|x64.Build.0 = nuget_release|x64
		{C4FE90B2-DA07-29D0-9383-664B7EF54024}.LipidSearch|Any CPU.ActiveCfg = nuget_release|Any CPU
		{C4FE90B2-DA07-29D0-9383-664B7EF54024}.LipidSearch|Any CPU.Build.0 = nuget_release|Any CPU
		{C4FE90B2-DA07-29D0-9383-664B7EF54024}.LipidSearch|x64.ActiveCfg = nuget_release|x64
		{C4FE90B2-DA07-29D0-9383-664B7EF54024}.LipidSearch|x64.Build.0 = nuget_release|x64
		{C4FE90B2-DA07-29D0-9383-664B7EF54024}.mzkit_win32|Any CPU.ActiveCfg = Rsharp_app_release|Any CPU
		{C4FE90B2-DA07-29D0-9383-664B7EF54024}.mzkit_win32|Any CPU.Build.0 = Rsharp_app_release|Any CPU
		{C4FE90B2-DA07-29D0-9383-664B7EF54024}.mzkit_win32|x64.ActiveCfg = Rsharp_app_release|x64
		{C4FE90B2-DA07-29D0-9383-664B7EF54024}.mzkit_win32|x64.Build.0 = Rsharp_app_release|x64
		{C4FE90B2-DA07-29D0-9383-664B7EF54024}.mzkit|Any CPU.ActiveCfg = Debug|Any CPU
		{C4FE90B2-DA07-29D0-9383-664B7EF54024}.mzkit|Any CPU.Build.0 = Debug|Any CPU
		{C4FE90B2-DA07-29D0-9383-664B7EF54024}.mzkit|x64.ActiveCfg = Debug|x64
		{C4FE90B2-DA07-29D0-9383-664B7EF54024}.mzkit|x64.Build.0 = Debug|x64
		{C4FE90B2-DA07-29D0-9383-664B7EF54024}.NPSearch|Any CPU.ActiveCfg = Rsharp_app_release|Any CPU
		{C4FE90B2-DA07-29D0-9383-664B7EF54024}.NPSearch|Any CPU.Build.0 = Rsharp_app_release|Any CPU
		{C4FE90B2-DA07-29D0-9383-664B7EF54024}.NPSearch|x64.ActiveCfg = Rsharp_app_release|x64
		{C4FE90B2-DA07-29D0-9383-664B7EF54024}.NPSearch|x64.Build.0 = Rsharp_app_release|x64
		{C4FE90B2-DA07-29D0-9383-664B7EF54024}.PlantMAT|Any CPU.ActiveCfg = Rsharp_app_release|Any CPU
		{C4FE90B2-DA07-29D0-9383-664B7EF54024}.PlantMAT|Any CPU.Build.0 = Rsharp_app_release|Any CPU
		{C4FE90B2-DA07-29D0-9383-664B7EF54024}.PlantMAT|x64.ActiveCfg = Rsharp_app_release|x64
		{C4FE90B2-DA07-29D0-9383-664B7EF54024}.PlantMAT|x64.Build.0 = Rsharp_app_release|x64
		{C4FE90B2-DA07-29D0-9383-664B7EF54024}.Release|Any CPU.ActiveCfg = Release|Any CPU
		{C4FE90B2-DA07-29D0-9383-664B7EF54024}.Release|Any CPU.Build.0 = Release|Any CPU
		{C4FE90B2-DA07-29D0-9383-664B7EF54024}.Release|x64.ActiveCfg = Release|x64
		{C4FE90B2-DA07-29D0-9383-664B7EF54024}.Release|x64.Build.0 = Release|x64
		{C4FE90B2-DA07-29D0-9383-664B7EF54024}.Rsharp_app_release|Any CPU.ActiveCfg = Rsharp_app_release|Any CPU
		{C4FE90B2-DA07-29D0-9383-664B7EF54024}.Rsharp_app_release|Any CPU.Build.0 = Rsharp_app_release|Any CPU
		{C4FE90B2-DA07-29D0-9383-664B7EF54024}.Rsharp_app_release|x64.ActiveCfg = Rsharp_app_release|x64
		{C4FE90B2-DA07-29D0-9383-664B7EF54024}.Rsharp_app_release|x64.Build.0 = Rsharp_app_release|x64
		{8A311E94-FE42-FCA0-BBCD-8C00D99A6539}.Debug|Any CPU.ActiveCfg = Debug|Any CPU
		{8A311E94-FE42-FCA0-BBCD-8C00D99A6539}.Debug|Any CPU.Build.0 = Debug|Any CPU
		{8A311E94-FE42-FCA0-BBCD-8C00D99A6539}.Debug|x64.ActiveCfg = Debug|x64
		{8A311E94-FE42-FCA0-BBCD-8C00D99A6539}.Debug|x64.Build.0 = Debug|x64
		{8A311E94-FE42-FCA0-BBCD-8C00D99A6539}.gcmodeller_desktop|Any CPU.ActiveCfg = gcmodeller_desktop|Any CPU
		{8A311E94-FE42-FCA0-BBCD-8C00D99A6539}.gcmodeller_desktop|Any CPU.Build.0 = gcmodeller_desktop|Any CPU
		{8A311E94-FE42-FCA0-BBCD-8C00D99A6539}.gcmodeller_desktop|x64.ActiveCfg = gcmodeller_desktop|x64
		{8A311E94-FE42-FCA0-BBCD-8C00D99A6539}.gcmodeller_desktop|x64.Build.0 = gcmodeller_desktop|x64
		{8A311E94-FE42-FCA0-BBCD-8C00D99A6539}.LipidSearch|Any CPU.ActiveCfg = LipidSearch|Any CPU
		{8A311E94-FE42-FCA0-BBCD-8C00D99A6539}.LipidSearch|Any CPU.Build.0 = LipidSearch|Any CPU
		{8A311E94-FE42-FCA0-BBCD-8C00D99A6539}.LipidSearch|x64.ActiveCfg = LipidSearch|x64
		{8A311E94-FE42-FCA0-BBCD-8C00D99A6539}.LipidSearch|x64.Build.0 = LipidSearch|x64
		{8A311E94-FE42-FCA0-BBCD-8C00D99A6539}.mzkit_win32|Any CPU.ActiveCfg = mzkit_win32|Any CPU
		{8A311E94-FE42-FCA0-BBCD-8C00D99A6539}.mzkit_win32|Any CPU.Build.0 = mzkit_win32|Any CPU
		{8A311E94-FE42-FCA0-BBCD-8C00D99A6539}.mzkit_win32|x64.ActiveCfg = mzkit_win32|x64
		{8A311E94-FE42-FCA0-BBCD-8C00D99A6539}.mzkit_win32|x64.Build.0 = mzkit_win32|x64
		{8A311E94-FE42-FCA0-BBCD-8C00D99A6539}.mzkit|Any CPU.ActiveCfg = mzkit|Any CPU
		{8A311E94-FE42-FCA0-BBCD-8C00D99A6539}.mzkit|Any CPU.Build.0 = mzkit|Any CPU
		{8A311E94-FE42-FCA0-BBCD-8C00D99A6539}.mzkit|x64.ActiveCfg = mzkit|x64
		{8A311E94-FE42-FCA0-BBCD-8C00D99A6539}.mzkit|x64.Build.0 = mzkit|x64
		{8A311E94-FE42-FCA0-BBCD-8C00D99A6539}.NPSearch|Any CPU.ActiveCfg = NPSearch|Any CPU
		{8A311E94-FE42-FCA0-BBCD-8C00D99A6539}.NPSearch|Any CPU.Build.0 = NPSearch|Any CPU
		{8A311E94-FE42-FCA0-BBCD-8C00D99A6539}.NPSearch|x64.ActiveCfg = NPSearch|x64
		{8A311E94-FE42-FCA0-BBCD-8C00D99A6539}.NPSearch|x64.Build.0 = NPSearch|x64
		{8A311E94-FE42-FCA0-BBCD-8C00D99A6539}.PlantMAT|Any CPU.ActiveCfg = Rsharp_app_release|Any CPU
		{8A311E94-FE42-FCA0-BBCD-8C00D99A6539}.PlantMAT|Any CPU.Build.0 = Rsharp_app_release|Any CPU
		{8A311E94-FE42-FCA0-BBCD-8C00D99A6539}.PlantMAT|x64.ActiveCfg = Rsharp_app_release|x64
		{8A311E94-FE42-FCA0-BBCD-8C00D99A6539}.PlantMAT|x64.Build.0 = Rsharp_app_release|x64
		{8A311E94-FE42-FCA0-BBCD-8C00D99A6539}.Release|Any CPU.ActiveCfg = Release|Any CPU
		{8A311E94-FE42-FCA0-BBCD-8C00D99A6539}.Release|Any CPU.Build.0 = Release|Any CPU
		{8A311E94-FE42-FCA0-BBCD-8C00D99A6539}.Release|x64.ActiveCfg = Release|x64
		{8A311E94-FE42-FCA0-BBCD-8C00D99A6539}.Release|x64.Build.0 = Release|x64
		{8A311E94-FE42-FCA0-BBCD-8C00D99A6539}.Rsharp_app_release|Any CPU.ActiveCfg = Rsharp_app_release|Any CPU
		{8A311E94-FE42-FCA0-BBCD-8C00D99A6539}.Rsharp_app_release|Any CPU.Build.0 = Rsharp_app_release|Any CPU
		{8A311E94-FE42-FCA0-BBCD-8C00D99A6539}.Rsharp_app_release|x64.ActiveCfg = Rsharp_app_release|x64
		{8A311E94-FE42-FCA0-BBCD-8C00D99A6539}.Rsharp_app_release|x64.Build.0 = Rsharp_app_release|x64
	EndGlobalSection
	GlobalSection(SolutionProperties) = preSolution
		HideSolutionNode = FALSE
	EndGlobalSection
	GlobalSection(NestedProjects) = preSolution
		{9FD0355C-BABF-4720-A880-2842C50B6E9E} = {3A1F36A5-2284-4FAE-BF96-34C7662B0CF0}
		{3D61F3A9-A8E0-4195-9133-6FD8E4B82D54} = {F3B39945-48FA-4A9F-B115-EF8CBED43F9B}
		{EC84CBB4-8E2D-48EA-9E6C-3D7CF0BBB452} = {F3B39945-48FA-4A9F-B115-EF8CBED43F9B}
		{900306BB-63BA-4F02-A09A-B8D5929255E0} = {F3B39945-48FA-4A9F-B115-EF8CBED43F9B}
		{B3A121D1-A497-AE78-E449-BFF42270246D} = {F3B39945-48FA-4A9F-B115-EF8CBED43F9B}
		{EF866F02-8F3E-17FA-5A3D-412B8B0C8A5C} = {3A1F36A5-2284-4FAE-BF96-34C7662B0CF0}
		{C4FE90B2-DA07-29D0-9383-664B7EF54024} = {3A1F36A5-2284-4FAE-BF96-34C7662B0CF0}
		{8A311E94-FE42-FCA0-BBCD-8C00D99A6539} = {3A1F36A5-2284-4FAE-BF96-34C7662B0CF0}
	EndGlobalSection
	GlobalSection(ExtensibilityGlobals) = postSolution
		SolutionGuid = {24DF7745-4563-46EB-AEAE-52920E3663DB}
	EndGlobalSection
EndGlobal
