
Microsoft Visual Studio Solution File, Format Version 12.00
# Visual Studio Version 17
VisualStudioVersion = 17.5.33103.201
MinimumVisualStudioVersion = 10.0.40219.1
Project("{F184B08F-C81C-45F6-A57F-5ABD9991F28F}") = "MSImagingViewerV2", "MSImagingViewerV2.vbproj", "{DAF59CB6-CCD9-0FC6-1B8C-A3CDCD5CE92D}"
EndProject
Project("{F184B08F-C81C-45F6-A57F-5ABD9991F28F}") = "WindowsFormsApplication1", "WindowsFormsApplication1\WindowsFormsApplication1.vbproj", "{E39971BE-408D-0360-0027-8E3998371230}"
EndProject
Global
	GlobalSection(SolutionConfigurationPlatforms) = preSolution
		Debug|Any CPU = Debug|Any CPU
		Debug|Mixed Platforms = Debug|Mixed Platforms
		Debug|x86 = Debug|x86
		Release|Any CPU = Release|Any CPU
		Release|Mixed Platforms = Release|Mixed Platforms
		Release|x86 = Release|x86
	EndGlobalSection
	GlobalSection(ProjectConfigurationPlatforms) = postSolution
		{DAF59CB6-CCD9-0FC6-1B8C-A3CDCD5CE92D}.Debug|Any CPU.ActiveCfg = Debug|Any CPU
		{DAF59CB6-CCD9-0FC6-1B8C-A3CDCD5CE92D}.Debug|Any CPU.Build.0 = Debug|Any CPU
		{DAF59CB6-CCD9-0FC6-1B8C-A3CDCD5CE92D}.Debug|Mixed Platforms.ActiveCfg = Debug|Any CPU
		{DAF59CB6-CCD9-0FC6-1B8C-A3CDCD5CE92D}.Debug|Mixed Platforms.Build.0 = Debug|Any CPU
		{DAF59CB6-CCD9-0FC6-1B8C-A3CDCD5CE92D}.Debug|x86.ActiveCfg = Debug|Any CPU
		{DAF59CB6-CCD9-0FC6-1B8C-A3CDCD5CE92D}.Release|Any CPU.ActiveCfg = Release|Any CPU
		{DAF59CB6-CCD9-0FC6-1B8C-A3CDCD5CE92D}.Release|Any CPU.Build.0 = Release|Any CPU
		{DAF59CB6-CCD9-0FC6-1B8C-A3CDCD5CE92D}.Release|Mixed Platforms.ActiveCfg = Release|Any CPU
		{DAF59CB6-CCD9-0FC6-1B8C-A3CDCD5CE92D}.Release|Mixed Platforms.Build.0 = Release|Any CPU
		{DAF59CB6-CCD9-0FC6-1B8C-A3CDCD5CE92D}.Release|x86.ActiveCfg = Release|Any CPU
		{E39971BE-408D-0360-0027-8E3998371230}.Debug|Any CPU.ActiveCfg = Debug|x86
		{E39971BE-408D-0360-0027-8E3998371230}.Debug|Mixed Platforms.ActiveCfg = Debug|x86
		{E39971BE-408D-0360-0027-8E3998371230}.Debug|Mixed Platforms.Build.0 = Debug|x86
		{E39971BE-408D-0360-0027-8E3998371230}.Debug|x86.ActiveCfg = Debug|x86
		{E39971BE-408D-0360-0027-8E3998371230}.Debug|x86.Build.0 = Debug|x86
		{E39971BE-408D-0360-0027-8E3998371230}.Release|Any CPU.ActiveCfg = Release|x86
		{E39971BE-408D-0360-0027-8E3998371230}.Release|Mixed Platforms.ActiveCfg = Release|x86
		{E39971BE-408D-0360-0027-8E3998371230}.Release|Mixed Platforms.Build.0 = Release|x86
		{E39971BE-408D-0360-0027-8E3998371230}.Release|x86.ActiveCfg = Release|x86
		{E39971BE-408D-0360-0027-8E3998371230}.Release|x86.Build.0 = Release|x86
	EndGlobalSection
	GlobalSection(SolutionProperties) = preSolution
		HideSolutionNode = FALSE
	EndGlobalSection
EndGlobal
